# This file is automatically @generated by Cargo.
# It is not intended for manual editing.
version = 4

[[package]]
name = "clickless-backend-api"
version = "0.1.0"

[[package]]
name = "clickless-config"
version = "0.1.0"

[[package]]
name = "clickless-core"
version = "0.1.0"

[[package]]
name = "clickless-output-enigo"
version = "0.1.0"
